
Microsoft Visual Studio Solution File, Format Version 12.00
# Visual Studio 2013
VisualStudioVersion = 12.0.21005.1
MinimumVisualStudioVersion = 10.0.40219.1
Project("{FAE04EC0-301F-11D3-BF4B-00C04F79EFBC}") = "CANTest", "CANTest\CANTest.csproj", "{807D4B29-FEE4-4293-851E-520998A9FCEF}"
EndProject
Global
	GlobalSection(SolutionConfigurationPlatforms) = preSolution
		Debug|Any CPU = Debug|Any CPU
		Release|Any CPU = Release|Any CPU
	EndGlobalSection
	GlobalSection(ProjectConfigurationPlatforms) = postSolution
		{807D4B29-FEE4-4293-851E-520998A9FCEF}.Debug|Any CPU.ActiveCfg = Debug|Any CPU
		{807D4B29-FEE4-4293-851E-520998A9FCEF}.Debug|Any CPU.Build.0 = Debug|Any CPU
		{807D4B29-FEE4-4293-851E-520998A9FCEF}.Release|Any CPU.ActiveCfg = Release|Any CPU
		{807D4B29-FEE4-4293-851E-520998A9FCEF}.Release|Any CPU.Build.0 = Release|Any CPU
	EndGlobalSection
	GlobalSection(SolutionProperties) = preSolution
		HideSolutionNode = FALSE
	EndGlobalSection
EndGlobal
